
Microsoft Visual Studio Solution File, Format Version 12.00
# Visual Studio Version 16
VisualStudioVersion = 16.0.31424.327
MinimumVisualStudioVersion = 10.0.40219.1
Project("{FAE04EC0-301F-11D3-BF4B-00C04F79EFBC}") = "C_Sharp_Delegate", "C_Sharp_Delegate\C_Sharp_Delegate.csproj", "{8B7291EF-F292-4073-A3E6-CD6044F2A370}"
EndProject
Global
	GlobalSection(SolutionConfigurationPlatforms) = preSolution
		Debug|Any CPU = Debug|Any CPU
		Release|Any CPU = Release|Any CPU
	EndGlobalSection
	GlobalSection(ProjectConfigurationPlatforms) = postSolution
		{8B7291EF-F292-4073-A3E6-CD6044F2A370}.Debug|Any CPU.ActiveCfg = Debug|Any CPU
		{8B7291EF-F292-4073-A3E6-CD6044F2A370}.Debug|Any CPU.Build.0 = Debug|Any CPU
		{8B7291EF-F292-4073-A3E6-CD6044F2A370}.Release|Any CPU.ActiveCfg = Release|Any CPU
		{8B7291EF-F292-4073-A3E6-CD6044F2A370}.Release|Any CPU.Build.0 = Release|Any CPU
	EndGlobalSection
	GlobalSection(SolutionProperties) = preSolution
		HideSolutionNode = FALSE
	EndGlobalSection
	GlobalSection(ExtensibilityGlobals) = postSolution
		SolutionGuid = {0A073D5A-362C-4547-9E12-CD64E6AB89FA}
	EndGlobalSection
EndGlobal
